
Microsoft Visual Studio Solution File, Format Version 12.00
# Visual Studio Version 16
VisualStudioVersion = 16.0.32630.194
MinimumVisualStudioVersion = 10.0.40219.1
Project("{F184B08F-C81C-45F6-A57F-5ABD9991F28F}") = "[PROGRA2]T5_202003918", "[PROGRA2]T5_202003918\[PROGRA2]T5_202003918.vbproj", "{40013AC6-3247-4E9B-95AA-05A9062AB538}"
EndProject
Global
	GlobalSection(SolutionConfigurationPlatforms) = preSolution
		Debug|Any CPU = Debug|Any CPU
		Release|Any CPU = Release|Any CPU
	EndGlobalSection
	GlobalSection(ProjectConfigurationPlatforms) = postSolution
		{40013AC6-3247-4E9B-95AA-05A9062AB538}.Debug|Any CPU.ActiveCfg = Debug|Any CPU
		{40013AC6-3247-4E9B-95AA-05A9062AB538}.Debug|Any CPU.Build.0 = Debug|Any CPU
		{40013AC6-3247-4E9B-95AA-05A9062AB538}.Release|Any CPU.ActiveCfg = Release|Any CPU
		{40013AC6-3247-4E9B-95AA-05A9062AB538}.Release|Any CPU.Build.0 = Release|Any CPU
	EndGlobalSection
	GlobalSection(SolutionProperties) = preSolution
		HideSolutionNode = FALSE
	EndGlobalSection
	GlobalSection(ExtensibilityGlobals) = postSolution
		SolutionGuid = {02E4E211-C9CD-4A90-9E5B-51A6F460FDC4}
	EndGlobalSection
EndGlobal
