
Microsoft Visual Studio Solution File, Format Version 12.00
# Visual Studio Version 16
VisualStudioVersion = 16.0.32630.194
MinimumVisualStudioVersion = 10.0.40219.1
Project("{F184B08F-C81C-45F6-A57F-5ABD9991F28F}") = "[PROGRA2]T3_202003918", "[PROGRA2]T3_202003918\[PROGRA2]T3_202003918.vbproj", "{BBC6DC45-C3C6-41C1-8B9B-B3F3583975FE}"
EndProject
Global
	GlobalSection(SolutionConfigurationPlatforms) = preSolution
		Debug|Any CPU = Debug|Any CPU
		Release|Any CPU = Release|Any CPU
	EndGlobalSection
	GlobalSection(ProjectConfigurationPlatforms) = postSolution
		{BBC6DC45-C3C6-41C1-8B9B-B3F3583975FE}.Debug|Any CPU.ActiveCfg = Debug|Any CPU
		{BBC6DC45-C3C6-41C1-8B9B-B3F3583975FE}.Debug|Any CPU.Build.0 = Debug|Any CPU
		{BBC6DC45-C3C6-41C1-8B9B-B3F3583975FE}.Release|Any CPU.ActiveCfg = Release|Any CPU
		{BBC6DC45-C3C6-41C1-8B9B-B3F3583975FE}.Release|Any CPU.Build.0 = Release|Any CPU
	EndGlobalSection
	GlobalSection(SolutionProperties) = preSolution
		HideSolutionNode = FALSE
	EndGlobalSection
	GlobalSection(ExtensibilityGlobals) = postSolution
		SolutionGuid = {12A81014-6AA7-4B4A-AB85-19DE331E41B4}
	EndGlobalSection
EndGlobal
